{
  "nodes": {
    "darwin": {
      "inputs": {
        "nixpkgs": [
          "nixpkgs-unstable"
        ]
      },
      "locked": {
        "lastModified": 1673295039,
        "narHash": "sha256-AsdYgE8/GPwcelGgrntlijMg4t3hLFJFCRF3tL5WVjA=",
        "owner": "LnL7",
        "repo": "nix-darwin",
        "rev": "87b9d090ad39b25b2400029c64825fc2a8868943",
        "type": "github"
      },
      "original": {
        "owner": "LnL7",
        "repo": "nix-darwin",
        "type": "github"
      }
    },
    "emacs": {
      "inputs": {
        "flake-utils": "flake-utils",
        "nixpkgs": "nixpkgs"
      },
      "locked": {
        "lastModified": 1676744319,
        "narHash": "sha256-4tivaq1yc6hvDVVtKWT7HF6Oe5chnAHrwe5GCMoQY6E=",
        "owner": "nix-community",
        "repo": "emacs-overlay",
        "rev": "18a770f432280e4c60bf6127f176ea5ca72ce2e6",
        "type": "github"
      },
      "original": {
        "owner": "nix-community",
        "repo": "emacs-overlay",
        "type": "github"
      }
    },
    "flake-utils": {
      "locked": {
        "lastModified": 1667395993,
        "narHash": "sha256-nuEHfE/LcWyuSWnS8t12N1wc105Qtau+/OdUAjtQ0rA=",
        "owner": "numtide",
        "repo": "flake-utils",
        "rev": "5aed5285a952e0b949eb3ba02c12fa4fcfef535f",
        "type": "github"
      },
      "original": {
        "owner": "numtide",
        "repo": "flake-utils",
        "type": "github"
      }
    },
    "home-manager": {
      "inputs": {
        "nixpkgs": [
          "nixpkgs-unstable"
        ],
        "utils": "utils"
      },
      "locked": {
        "lastModified": 1676367705,
        "narHash": "sha256-un5UbRat9TwruyImtwUGcKF823rCEp4fQxnsaLFL7CM=",
        "owner": "nix-community",
        "repo": "home-manager",
        "rev": "da72e6fc6b7dc0c3f94edbd310aae7cd95c678b5",
        "type": "github"
      },
      "original": {
        "owner": "nix-community",
        "repo": "home-manager",
        "type": "github"
      }
    },
    "nixpkgs": {
      "locked": {
        "lastModified": 1673540789,
        "narHash": "sha256-xqnxBOK3qctIeUVxecydrEDbEXjsvHCPGPbvsl63M/U=",
        "owner": "NixOS",
        "repo": "nixpkgs",
        "rev": "0f213d0fee84280d8c3a97f7469b988d6fe5fcdf",
        "type": "github"
      },
      "original": {
        "owner": "NixOS",
        "ref": "nixos-unstable",
        "repo": "nixpkgs",
        "type": "github"
      }
    },
    "nixpkgs-unstable": {
      "locked": {
        "lastModified": 1676549890,
        "narHash": "sha256-sq/WcOEAl7gWrrfGkWdnyYazRyTf+enEim/o6LOQzI8=",
        "owner": "NixOS",
        "repo": "nixpkgs",
        "rev": "8c66bd1b68f4708c90dcc97c6f7052a5a7b33257",
        "type": "github"
      },
      "original": {
        "owner": "NixOS",
        "ref": "nixpkgs-unstable",
        "repo": "nixpkgs",
        "type": "github"
      }
    },
    "nixpkgs_2": {
      "locked": {
        "lastModified": 1672580127,
        "narHash": "sha256-3lW3xZslREhJogoOkjeZtlBtvFMyxHku7I/9IVehhT8=",
        "owner": "nixos",
        "repo": "nixpkgs",
        "rev": "0874168639713f547c05947c76124f78441ea46c",
        "type": "github"
      },
      "original": {
        "owner": "nixos",
        "ref": "nixpkgs-22.05-darwin",
        "repo": "nixpkgs",
        "type": "github"
      }
    },
    "root": {
      "inputs": {
        "darwin": "darwin",
        "emacs": "emacs",
        "home-manager": "home-manager",
        "nixpkgs": "nixpkgs_2",
        "nixpkgs-unstable": "nixpkgs-unstable"
      }
    },
    "utils": {
      "locked": {
        "lastModified": 1667395993,
        "narHash": "sha256-nuEHfE/LcWyuSWnS8t12N1wc105Qtau+/OdUAjtQ0rA=",
        "owner": "numtide",
        "repo": "flake-utils",
        "rev": "5aed5285a952e0b949eb3ba02c12fa4fcfef535f",
        "type": "github"
      },
      "original": {
        "owner": "numtide",
        "repo": "flake-utils",
        "type": "github"
      }
    }
  },
  "root": "root",
  "version": 7
}
